
Microsoft Visual Studio Solution File, Format Version 12.00
# Visual Studio Version 16
VisualStudioVersion = 16.0.30114.105
MinimumVisualStudioVersion = 10.0.40219.1
Project("{2150E333-8FDC-42A3-9474-1A3956D46DE8}") = "src", "src", "{B2A67102-25BD-4BF7-BC1F-5389CEE5F903}"
EndProject
Project("{F2A71F9B-5D33-465A-A702-920D77279786}") = "App", "src\App\App.fsproj", "{38D23978-B6CA-4067-9636-FD5105276235}"
EndProject
Global
	GlobalSection(SolutionConfigurationPlatforms) = preSolution
		Debug|Any CPU = Debug|Any CPU
		Release|Any CPU = Release|Any CPU
	EndGlobalSection
	GlobalSection(SolutionProperties) = preSolution
		HideSolutionNode = FALSE
	EndGlobalSection
	GlobalSection(ProjectConfigurationPlatforms) = postSolution
		{38D23978-B6CA-4067-9636-FD5105276235}.Debug|Any CPU.ActiveCfg = Debug|Any CPU
		{38D23978-B6CA-4067-9636-FD5105276235}.Debug|Any CPU.Build.0 = Debug|Any CPU
		{38D23978-B6CA-4067-9636-FD5105276235}.Release|Any CPU.ActiveCfg = Release|Any CPU
		{38D23978-B6CA-4067-9636-FD5105276235}.Release|Any CPU.Build.0 = Release|Any CPU
	EndGlobalSection
	GlobalSection(NestedProjects) = preSolution
		{38D23978-B6CA-4067-9636-FD5105276235} = {B2A67102-25BD-4BF7-BC1F-5389CEE5F903}
	EndGlobalSection
EndGlobal
